// !$*UTF8*$!
{
	archiveVersion = 1;
	classes = {
	};
	objectVersion = 46;
	objects = {

/* Begin PBXCopyFilesBuildPhase section */
		A9C073341BFDB133001870DF /* CopyFiles */ = {
			isa = PBXCopyFilesBuildPhase;
			buildActionMask = 2147483647;
			dstPath = /usr/share/man/man1/;
			dstSubfolderSpec = 0;
			files = (
			);
			runOnlyForDeploymentPostprocessing = 1;
		};
/* End PBXCopyFilesBuildPhase section */

/* Begin PBXFileReference section */
		A9C073361BFDB133001870DF /* TCP */ = {isa = PBXFileReference; explicitFileType = "compiled.mach-o.executable"; includeInIndex = 0; path = TCP; sourceTree = BUILT_PRODUCTS_DIR; };
		A9C073441BFDB3C2001870DF /* Header.cpp */ = {isa = PBXFileReference; fileEncoding = 4; lastKnownFileType = sourcecode.cpp.cpp; name = Header.cpp; path = ../../Header.cpp; sourceTree = "<group>"; };
		A9C073451BFDB3C2001870DF /* Header.h */ = {isa = PBXFileReference; fileEncoding = 4; lastKnownFileType = sourcecode.c.h; name = Header.h; path = ../../Header.h; sourceTree = "<group>"; };
		A9C073461BFDB3C2001870DF /* Receiver.cpp */ = {isa = PBXFileReference; fileEncoding = 4; lastKnownFileType = sourcecode.cpp.cpp; name = Receiver.cpp; path = ../../Receiver.cpp; sourceTree = "<group>"; };
		A9C073471BFDB9E5001870DF /* Makefile */ = {isa = PBXFileReference; fileEncoding = 4; lastKnownFileType = sourcecode.make; name = Makefile; path = ../../Makefile; sourceTree = "<group>"; };
		A9C0734B1BFE4D4F001870DF /* Sender.cpp */ = {isa = PBXFileReference; fileEncoding = 4; lastKnownFileType = sourcecode.cpp.cpp; name = Sender.cpp; path = ../../Sender.cpp; sourceTree = "<group>"; };
/* End PBXFileReference section */

/* Begin PBXFrameworksBuildPhase section */
		A9C073331BFDB133001870DF /* Frameworks */ = {
			isa = PBXFrameworksBuildPhase;
			buildActionMask = 2147483647;
			files = (
			);
			runOnlyForDeploymentPostprocessing = 0;
		};
/* End PBXFrameworksBuildPhase section */

/* Begin PBXGroup section */
		A9C0732D1BFDB133001870DF = {
			isa = PBXGroup;
			children = (
				A9C073381BFDB133001870DF /* TCP */,
				A9C073371BFDB133001870DF /* Products */,
			);
			sourceTree = "<group>";
		};
		A9C073371BFDB133001870DF /* Products */ = {
			isa = PBXGroup;
			children = (
				A9C073361BFDB133001870DF /* TCP */,
			);
			name = Products;
			sourceTree = "<group>";
		};
		A9C073381BFDB133001870DF /* TCP */ = {
			isa = PBXGroup;
			children = (
				A9C073471BFDB9E5001870DF /* Makefile */,
				A9C073451BFDB3C2001870DF /* Header.h */,
				A9C073441BFDB3C2001870DF /* Header.cpp */,
				A9C073461BFDB3C2001870DF /* Receiver.cpp */,
				A9C0734B1BFE4D4F001870DF /* Sender.cpp */,
			);
			path = TCP;
			sourceTree = "<group>";
		};
/* End PBXGroup section */

/* Begin PBXLegacyTarget section */
		A9C073401BFDB26A001870DF /* TCP make */ = {
			isa = PBXLegacyTarget;
			buildArgumentsString = "$(ACTION)";
			buildConfigurationList = A9C073411BFDB26A001870DF /* Build configuration list for PBXLegacyTarget "TCP make" */;
			buildPhases = (
			);
			buildToolPath = /usr/bin/make;
			buildWorkingDirectory = "/Users/baixiao/Desktop/Simple-TCP";
			dependencies = (
			);
			name = "TCP make";
			passBuildSettingsInEnvironment = 1;
			productName = "TCP make";
		};
/* End PBXLegacyTarget section */

/* Begin PBXNativeTarget section */
		A9C073351BFDB133001870DF /* TCP */ = {
			isa = PBXNativeTarget;
			buildConfigurationList = A9C0733D1BFDB133001870DF /* Build configuration list for PBXNativeTarget "TCP" */;
			buildPhases = (
				A9C073321BFDB133001870DF /* Sources */,
				A9C073331BFDB133001870DF /* Frameworks */,
				A9C073341BFDB133001870DF /* CopyFiles */,
			);
			buildRules = (
			);
			dependencies = (
			);
			name = TCP;
			productName = TCP;
			productReference = A9C073361BFDB133001870DF /* TCP */;
			productType = "com.apple.product-type.tool";
		};
/* End PBXNativeTarget section */

/* Begin PBXProject section */
		A9C0732E1BFDB133001870DF /* Project object */ = {
			isa = PBXProject;
			attributes = {
				LastUpgradeCheck = 0620;
				ORGANIZATIONNAME = "Baixiao Huang";
				TargetAttributes = {
					A9C073351BFDB133001870DF = {
						CreatedOnToolsVersion = 6.2;
					};
					A9C073401BFDB26A001870DF = {
						CreatedOnToolsVersion = 6.2;
					};
				};
			};
			buildConfigurationList = A9C073311BFDB133001870DF /* Build configuration list for PBXProject "TCP" */;
			compatibilityVersion = "Xcode 3.2";
			developmentRegion = English;
			hasScannedForEncodings = 0;
			knownRegions = (
				en,
			);
			mainGroup = A9C0732D1BFDB133001870DF;
			productRefGroup = A9C073371BFDB133001870DF /* Products */;
			projectDirPath = "";
			projectRoot = "";
			targets = (
				A9C073351BFDB133001870DF /* TCP */,
				A9C073401BFDB26A001870DF /* TCP make */,
			);
		};
/* End PBXProject section */

/* Begin PBXSourcesBuildPhase section */
		A9C073321BFDB133001870DF /* Sources */ = {
			isa = PBXSourcesBuildPhase;
			buildActionMask = 2147483647;
			files = (
			);
			runOnlyForDeploymentPostprocessing = 0;
		};
/* End PBXSourcesBuildPhase section */

/* Begin XCBuildConfiguration section */
		A9C0733B1BFDB133001870DF /* Debug */ = {
			isa = XCBuildConfiguration;
			buildSettings = {
				ALWAYS_SEARCH_USER_PATHS = NO;
				CLANG_CXX_LANGUAGE_STANDARD = "gnu++0x";
				CLANG_CXX_LIBRARY = "libc++";
				CLANG_ENABLE_MODULES = YES;
				CLANG_ENABLE_OBJC_ARC = YES;
				CLANG_WARN_BOOL_CONVERSION = YES;
				CLANG_WARN_CONSTANT_CONVERSION = YES;
				CLANG_WARN_DIRECT_OBJC_ISA_USAGE = YES_ERROR;
				CLANG_WARN_EMPTY_BODY = YES;
				CLANG_WARN_ENUM_CONVERSION = YES;
				CLANG_WARN_INT_CONVERSION = YES;
				CLANG_WARN_OBJC_ROOT_CLASS = YES_ERROR;
				CLANG_WARN_UNREACHABLE_CODE = YES;
				CLANG_WARN__DUPLICATE_METHOD_MATCH = YES;
				COPY_PHASE_STRIP = NO;
				ENABLE_STRICT_OBJC_MSGSEND = YES;
				GCC_C_LANGUAGE_STANDARD = gnu99;
				GCC_DYNAMIC_NO_PIC = NO;
				GCC_OPTIMIZATION_LEVEL = 0;
				GCC_PREPROCESSOR_DEFINITIONS = (
					"DEBUG=1",
					"$(inherited)",
				);
				GCC_SYMBOLS_PRIVATE_EXTERN = NO;
				GCC_WARN_64_TO_32_BIT_CONVERSION = YES;
				GCC_WARN_ABOUT_RETURN_TYPE = YES_ERROR;
				GCC_WARN_UNDECLARED_SELECTOR = YES;
				GCC_WARN_UNINITIALIZED_AUTOS = YES_AGGRESSIVE;
				GCC_WARN_UNUSED_FUNCTION = YES;
				GCC_WARN_UNUSED_VARIABLE = YES;
				MACOSX_DEPLOYMENT_TARGET = 10.10;
				MTL_ENABLE_DEBUG_INFO = YES;
				ONLY_ACTIVE_ARCH = YES;
				SDKROOT = macosx;
			};
			name = Debug;
		};
		A9C0733C1BFDB133001870DF /* Release */ = {
			isa = XCBuildConfiguration;
			buildSettings = {
				ALWAYS_SEARCH_USER_PATHS = NO;
				CLANG_CXX_LANGUAGE_STANDARD = "gnu++0x";
				CLANG_CXX_LIBRARY = "libc++";
				CLANG_ENABLE_MODULES = YES;
				CLANG_ENABLE_OBJC_ARC = YES;
				CLANG_WARN_BOOL_CONVERSION = YES;
				CLANG_WARN_CONSTANT_CONVERSION = YES;
				CLANG_WARN_DIRECT_OBJC_ISA_USAGE = YES_ERROR;
				CLANG_WARN_EMPTY_BODY = YES;
				CLANG_WARN_ENUM_CONVERSION = YES;
				CLANG_WARN_INT_CONVERSION = YES;
				CLANG_WARN_OBJC_ROOT_CLASS = YES_ERROR;
				CLANG_WARN_UNREACHABLE_CODE = YES;
				CLANG_WARN__DUPLICATE_METHOD_MATCH = YES;
				COPY_PHASE_STRIP = NO;
				DEBUG_INFORMATION_FORMAT = "dwarf-with-dsym";
				ENABLE_NS_ASSERTIONS = NO;
				ENABLE_STRICT_OBJC_MSGSEND = YES;
				GCC_C_LANGUAGE_STANDARD = gnu99;
				GCC_WARN_64_TO_32_BIT_CONVERSION = YES;
				GCC_WARN_ABOUT_RETURN_TYPE = YES_ERROR;
				GCC_WARN_UNDECLARED_SELECTOR = YES;
				GCC_WARN_UNINITIALIZED_AUTOS = YES_AGGRESSIVE;
				GCC_WARN_UNUSED_FUNCTION = YES;
				GCC_WARN_UNUSED_VARIABLE = YES;
				MACOSX_DEPLOYMENT_TARGET = 10.10;
				MTL_ENABLE_DEBUG_INFO = NO;
				SDKROOT = macosx;
			};
			name = Release;
		};
		A9C0733E1BFDB133001870DF /* Debug */ = {
			isa = XCBuildConfiguration;
			buildSettings = {
				PRODUCT_NAME = "$(TARGET_NAME)";
			};
			name = Debug;
		};
		A9C0733F1BFDB133001870DF /* Release */ = {
			isa = XCBuildConfiguration;
			buildSettings = {
				PRODUCT_NAME = "$(TARGET_NAME)";
			};
			name = Release;
		};
		A9C073421BFDB26A001870DF /* Debug */ = {
			isa = XCBuildConfiguration;
			buildSettings = {
				DEBUGGING_SYMBOLS = YES;
				GCC_GENERATE_DEBUGGING_SYMBOLS = YES;
				GCC_OPTIMIZATION_LEVEL = 0;
				GCC_PREPROCESSOR_DEFINITIONS = (
					"DEBUG=1",
					"$(inherited)",
				);
				OTHER_CFLAGS = "";
				OTHER_LDFLAGS = "";
				PRODUCT_NAME = "$(TARGET_NAME)";
			};
			name = Debug;
		};
		A9C073431BFDB26A001870DF /* Release */ = {
			isa = XCBuildConfiguration;
			buildSettings = {
				OTHER_CFLAGS = "";
				OTHER_LDFLAGS = "";
				PRODUCT_NAME = "$(TARGET_NAME)";
			};
			name = Release;
		};
/* End XCBuildConfiguration section */

/* Begin XCConfigurationList section */
		A9C073311BFDB133001870DF /* Build configuration list for PBXProject "TCP" */ = {
			isa = XCConfigurationList;
			buildConfigurations = (
				A9C0733B1BFDB133001870DF /* Debug */,
				A9C0733C1BFDB133001870DF /* Release */,
			);
			defaultConfigurationIsVisible = 0;
			defaultConfigurationName = Release;
		};
		A9C0733D1BFDB133001870DF /* Build configuration list for PBXNativeTarget "TCP" */ = {
			isa = XCConfigurationList;
			buildConfigurations = (
				A9C0733E1BFDB133001870DF /* Debug */,
				A9C0733F1BFDB133001870DF /* Release */,
			);
			defaultConfigurationIsVisible = 0;
		};
		A9C073411BFDB26A001870DF /* Build configuration list for PBXLegacyTarget "TCP make" */ = {
			isa = XCConfigurationList;
			buildConfigurations = (
				A9C073421BFDB26A001870DF /* Debug */,
				A9C073431BFDB26A001870DF /* Release */,
			);
			defaultConfigurationIsVisible = 0;
		};
/* End XCConfigurationList section */
	};
	rootObject = A9C0732E1BFDB133001870DF /* Project object */;
}
