// !$*UTF8*$!
{
	archiveVersion = 1;
	classes = {
	};
	objectVersion = 46;
	objects = {

/* Begin PBXBuildFile section */
		A93349A01C03D533005812F5 /* Makefile in Sources */ = {isa = PBXBuildFile; fileRef = A933499F1C03D533005812F5 /* Makefile */; };
		A93349A71C03D577005812F5 /* GobackN.cpp in Sources */ = {isa = PBXBuildFile; fileRef = A93349A11C03D577005812F5 /* GobackN.cpp */; };
		A93349A81C03D577005812F5 /* Header.cpp in Sources */ = {isa = PBXBuildFile; fileRef = A93349A31C03D577005812F5 /* Header.cpp */; };
		A93349A91C03D577005812F5 /* Receiver.cpp in Sources */ = {isa = PBXBuildFile; fileRef = A93349A51C03D577005812F5 /* Receiver.cpp */; };
		A93349AA1C03D577005812F5 /* Sender.cpp in Sources */ = {isa = PBXBuildFile; fileRef = A93349A61C03D577005812F5 /* Sender.cpp */; };
/* End PBXBuildFile section */

/* Begin PBXCopyFilesBuildPhase section */
		A933497C1C03D38A005812F5 /* CopyFiles */ = {
			isa = PBXCopyFilesBuildPhase;
			buildActionMask = 2147483647;
			dstPath = /usr/share/man/man1/;
			dstSubfolderSpec = 0;
			files = (
			);
			runOnlyForDeploymentPostprocessing = 1;
		};
/* End PBXCopyFilesBuildPhase section */

/* Begin PBXFileReference section */
		A933497E1C03D38A005812F5 /* tcp */ = {isa = PBXFileReference; explicitFileType = "compiled.mach-o.executable"; includeInIndex = 0; path = tcp; sourceTree = BUILT_PRODUCTS_DIR; };
		A933499F1C03D533005812F5 /* Makefile */ = {isa = PBXFileReference; fileEncoding = 4; lastKnownFileType = sourcecode.make; name = Makefile; path = ../../Makefile; sourceTree = "<group>"; };
		A93349A11C03D577005812F5 /* GobackN.cpp */ = {isa = PBXFileReference; fileEncoding = 4; lastKnownFileType = sourcecode.cpp.cpp; name = GobackN.cpp; path = ../../GobackN.cpp; sourceTree = "<group>"; };
		A93349A21C03D577005812F5 /* GobackN.h */ = {isa = PBXFileReference; fileEncoding = 4; lastKnownFileType = sourcecode.c.h; name = GobackN.h; path = ../../GobackN.h; sourceTree = "<group>"; };
		A93349A31C03D577005812F5 /* Header.cpp */ = {isa = PBXFileReference; fileEncoding = 4; lastKnownFileType = sourcecode.cpp.cpp; name = Header.cpp; path = ../../Header.cpp; sourceTree = "<group>"; };
		A93349A41C03D577005812F5 /* Header.h */ = {isa = PBXFileReference; fileEncoding = 4; lastKnownFileType = sourcecode.c.h; name = Header.h; path = ../../Header.h; sourceTree = "<group>"; };
		A93349A51C03D577005812F5 /* Receiver.cpp */ = {isa = PBXFileReference; fileEncoding = 4; lastKnownFileType = sourcecode.cpp.cpp; name = Receiver.cpp; path = ../../Receiver.cpp; sourceTree = "<group>"; };
		A93349A61C03D577005812F5 /* Sender.cpp */ = {isa = PBXFileReference; fileEncoding = 4; lastKnownFileType = sourcecode.cpp.cpp; name = Sender.cpp; path = ../../Sender.cpp; sourceTree = "<group>"; };
/* End PBXFileReference section */

/* Begin PBXFrameworksBuildPhase section */
		A933497B1C03D38A005812F5 /* Frameworks */ = {
			isa = PBXFrameworksBuildPhase;
			buildActionMask = 2147483647;
			files = (
			);
			runOnlyForDeploymentPostprocessing = 0;
		};
/* End PBXFrameworksBuildPhase section */

/* Begin PBXGroup section */
		A93349751C03D38A005812F5 = {
			isa = PBXGroup;
			children = (
				A93349801C03D38A005812F5 /* tcp */,
				A933497F1C03D38A005812F5 /* Products */,
			);
			sourceTree = "<group>";
		};
		A933497F1C03D38A005812F5 /* Products */ = {
			isa = PBXGroup;
			children = (
				A933497E1C03D38A005812F5 /* tcp */,
			);
			name = Products;
			sourceTree = "<group>";
		};
		A93349801C03D38A005812F5 /* tcp */ = {
			isa = PBXGroup;
			children = (
				A93349A11C03D577005812F5 /* GobackN.cpp */,
				A93349A21C03D577005812F5 /* GobackN.h */,
				A93349A31C03D577005812F5 /* Header.cpp */,
				A93349A41C03D577005812F5 /* Header.h */,
				A93349A51C03D577005812F5 /* Receiver.cpp */,
				A93349A61C03D577005812F5 /* Sender.cpp */,
				A933499F1C03D533005812F5 /* Makefile */,
			);
			path = tcp;
			sourceTree = "<group>";
		};
/* End PBXGroup section */

/* Begin PBXLegacyTarget section */
		A93349941C03D3F5005812F5 /* make */ = {
			isa = PBXLegacyTarget;
			buildArgumentsString = "$(ACTION)";
			buildConfigurationList = A93349951C03D3F5005812F5 /* Build configuration list for PBXLegacyTarget "make" */;
			buildPhases = (
			);
			buildToolPath = /usr/bin/make;
			buildWorkingDirectory = "/Users/baixiao/Desktop/Simple-TCP";
			dependencies = (
			);
			name = make;
			passBuildSettingsInEnvironment = 1;
			productName = make;
		};
/* End PBXLegacyTarget section */

/* Begin PBXNativeTarget section */
		A933497D1C03D38A005812F5 /* tcp */ = {
			isa = PBXNativeTarget;
			buildConfigurationList = A93349851C03D38A005812F5 /* Build configuration list for PBXNativeTarget "tcp" */;
			buildPhases = (
				A933497A1C03D38A005812F5 /* Sources */,
				A933497B1C03D38A005812F5 /* Frameworks */,
				A933497C1C03D38A005812F5 /* CopyFiles */,
			);
			buildRules = (
			);
			dependencies = (
			);
			name = tcp;
			productName = tcp;
			productReference = A933497E1C03D38A005812F5 /* tcp */;
			productType = "com.apple.product-type.tool";
		};
/* End PBXNativeTarget section */

/* Begin PBXProject section */
		A93349761C03D38A005812F5 /* Project object */ = {
			isa = PBXProject;
			attributes = {
				LastUpgradeCheck = 0620;
				ORGANIZATIONNAME = "Baixiao Huang";
				TargetAttributes = {
					A933497D1C03D38A005812F5 = {
						CreatedOnToolsVersion = 6.2;
					};
					A93349941C03D3F5005812F5 = {
						CreatedOnToolsVersion = 6.2;
					};
				};
			};
			buildConfigurationList = A93349791C03D38A005812F5 /* Build configuration list for PBXProject "tcp" */;
			compatibilityVersion = "Xcode 3.2";
			developmentRegion = English;
			hasScannedForEncodings = 0;
			knownRegions = (
				en,
			);
			mainGroup = A93349751C03D38A005812F5;
			productRefGroup = A933497F1C03D38A005812F5 /* Products */;
			projectDirPath = "";
			projectRoot = "";
			targets = (
				A933497D1C03D38A005812F5 /* tcp */,
				A93349941C03D3F5005812F5 /* make */,
			);
		};
/* End PBXProject section */

/* Begin PBXSourcesBuildPhase section */
		A933497A1C03D38A005812F5 /* Sources */ = {
			isa = PBXSourcesBuildPhase;
			buildActionMask = 2147483647;
			files = (
				A93349A81C03D577005812F5 /* Header.cpp in Sources */,
				A93349A01C03D533005812F5 /* Makefile in Sources */,
				A93349AA1C03D577005812F5 /* Sender.cpp in Sources */,
				A93349A91C03D577005812F5 /* Receiver.cpp in Sources */,
				A93349A71C03D577005812F5 /* GobackN.cpp in Sources */,
			);
			runOnlyForDeploymentPostprocessing = 0;
		};
/* End PBXSourcesBuildPhase section */

/* Begin XCBuildConfiguration section */
		A93349831C03D38A005812F5 /* Debug */ = {
			isa = XCBuildConfiguration;
			buildSettings = {
				ALWAYS_SEARCH_USER_PATHS = NO;
				CLANG_CXX_LANGUAGE_STANDARD = "gnu++0x";
				CLANG_CXX_LIBRARY = "libc++";
				CLANG_ENABLE_MODULES = YES;
				CLANG_ENABLE_OBJC_ARC = YES;
				CLANG_WARN_BOOL_CONVERSION = YES;
				CLANG_WARN_CONSTANT_CONVERSION = YES;
				CLANG_WARN_DIRECT_OBJC_ISA_USAGE = YES_ERROR;
				CLANG_WARN_EMPTY_BODY = YES;
				CLANG_WARN_ENUM_CONVERSION = YES;
				CLANG_WARN_INT_CONVERSION = YES;
				CLANG_WARN_OBJC_ROOT_CLASS = YES_ERROR;
				CLANG_WARN_UNREACHABLE_CODE = YES;
				CLANG_WARN__DUPLICATE_METHOD_MATCH = YES;
				COPY_PHASE_STRIP = NO;
				ENABLE_STRICT_OBJC_MSGSEND = YES;
				GCC_C_LANGUAGE_STANDARD = gnu99;
				GCC_DYNAMIC_NO_PIC = NO;
				GCC_OPTIMIZATION_LEVEL = 0;
				GCC_PREPROCESSOR_DEFINITIONS = (
					"DEBUG=1",
					"$(inherited)",
				);
				GCC_SYMBOLS_PRIVATE_EXTERN = NO;
				GCC_WARN_64_TO_32_BIT_CONVERSION = YES;
				GCC_WARN_ABOUT_RETURN_TYPE = YES_ERROR;
				GCC_WARN_UNDECLARED_SELECTOR = YES;
				GCC_WARN_UNINITIALIZED_AUTOS = YES_AGGRESSIVE;
				GCC_WARN_UNUSED_FUNCTION = YES;
				GCC_WARN_UNUSED_VARIABLE = YES;
				MACOSX_DEPLOYMENT_TARGET = 10.10;
				MTL_ENABLE_DEBUG_INFO = YES;
				ONLY_ACTIVE_ARCH = YES;
				SDKROOT = macosx;
			};
			name = Debug;
		};
		A93349841C03D38A005812F5 /* Release */ = {
			isa = XCBuildConfiguration;
			buildSettings = {
				ALWAYS_SEARCH_USER_PATHS = NO;
				CLANG_CXX_LANGUAGE_STANDARD = "gnu++0x";
				CLANG_CXX_LIBRARY = "libc++";
				CLANG_ENABLE_MODULES = YES;
				CLANG_ENABLE_OBJC_ARC = YES;
				CLANG_WARN_BOOL_CONVERSION = YES;
				CLANG_WARN_CONSTANT_CONVERSION = YES;
				CLANG_WARN_DIRECT_OBJC_ISA_USAGE = YES_ERROR;
				CLANG_WARN_EMPTY_BODY = YES;
				CLANG_WARN_ENUM_CONVERSION = YES;
				CLANG_WARN_INT_CONVERSION = YES;
				CLANG_WARN_OBJC_ROOT_CLASS = YES_ERROR;
				CLANG_WARN_UNREACHABLE_CODE = YES;
				CLANG_WARN__DUPLICATE_METHOD_MATCH = YES;
				COPY_PHASE_STRIP = NO;
				DEBUG_INFORMATION_FORMAT = "dwarf-with-dsym";
				ENABLE_NS_ASSERTIONS = NO;
				ENABLE_STRICT_OBJC_MSGSEND = YES;
				GCC_C_LANGUAGE_STANDARD = gnu99;
				GCC_WARN_64_TO_32_BIT_CONVERSION = YES;
				GCC_WARN_ABOUT_RETURN_TYPE = YES_ERROR;
				GCC_WARN_UNDECLARED_SELECTOR = YES;
				GCC_WARN_UNINITIALIZED_AUTOS = YES_AGGRESSIVE;
				GCC_WARN_UNUSED_FUNCTION = YES;
				GCC_WARN_UNUSED_VARIABLE = YES;
				MACOSX_DEPLOYMENT_TARGET = 10.10;
				MTL_ENABLE_DEBUG_INFO = NO;
				SDKROOT = macosx;
			};
			name = Release;
		};
		A93349861C03D38A005812F5 /* Debug */ = {
			isa = XCBuildConfiguration;
			buildSettings = {
				PRODUCT_NAME = "$(TARGET_NAME)";
			};
			name = Debug;
		};
		A93349871C03D38A005812F5 /* Release */ = {
			isa = XCBuildConfiguration;
			buildSettings = {
				PRODUCT_NAME = "$(TARGET_NAME)";
			};
			name = Release;
		};
		A93349961C03D3F5005812F5 /* Debug */ = {
			isa = XCBuildConfiguration;
			buildSettings = {
				DEBUGGING_SYMBOLS = YES;
				GCC_GENERATE_DEBUGGING_SYMBOLS = YES;
				GCC_OPTIMIZATION_LEVEL = 0;
				GCC_PREPROCESSOR_DEFINITIONS = (
					"DEBUG=1",
					"$(inherited)",
				);
				OTHER_CFLAGS = "";
				OTHER_LDFLAGS = "";
				PRODUCT_NAME = "$(TARGET_NAME)";
			};
			name = Debug;
		};
		A93349971C03D3F5005812F5 /* Release */ = {
			isa = XCBuildConfiguration;
			buildSettings = {
				OTHER_CFLAGS = "";
				OTHER_LDFLAGS = "";
				PRODUCT_NAME = "$(TARGET_NAME)";
			};
			name = Release;
		};
/* End XCBuildConfiguration section */

/* Begin XCConfigurationList section */
		A93349791C03D38A005812F5 /* Build configuration list for PBXProject "tcp" */ = {
			isa = XCConfigurationList;
			buildConfigurations = (
				A93349831C03D38A005812F5 /* Debug */,
				A93349841C03D38A005812F5 /* Release */,
			);
			defaultConfigurationIsVisible = 0;
			defaultConfigurationName = Release;
		};
		A93349851C03D38A005812F5 /* Build configuration list for PBXNativeTarget "tcp" */ = {
			isa = XCConfigurationList;
			buildConfigurations = (
				A93349861C03D38A005812F5 /* Debug */,
				A93349871C03D38A005812F5 /* Release */,
			);
			defaultConfigurationIsVisible = 0;
		};
		A93349951C03D3F5005812F5 /* Build configuration list for PBXLegacyTarget "make" */ = {
			isa = XCConfigurationList;
			buildConfigurations = (
				A93349961C03D3F5005812F5 /* Debug */,
				A93349971C03D3F5005812F5 /* Release */,
			);
			defaultConfigurationIsVisible = 0;
		};
/* End XCConfigurationList section */
	};
	rootObject = A93349761C03D38A005812F5 /* Project object */;
}
